// !$*UTF8*$!
{
	archiveVersion = 1;
	classes = {
	};
	objectVersion = 48;
	objects = {

/* Begin PBXBuildFile section */
		4ECECCF72029E1CF0023E426 /* AppDelegate.swift in Sources */ = {isa = PBXBuildFile; fileRef = 4ECECCF62029E1CF0023E426 /* AppDelegate.swift */; };
		4ECECCF92029E1CF0023E426 /* ViewController.swift in Sources */ = {isa = PBXBuildFile; fileRef = 4ECECCF82029E1CF0023E426 /* ViewController.swift */; };
		4ECECCFC2029E1CF0023E426 /* Main.storyboard in Resources */ = {isa = PBXBuildFile; fileRef = 4ECECCFA2029E1CF0023E426 /* Main.storyboard */; };
		4ECECCFE2029E1CF0023E426 /* Assets.xcassets in Resources */ = {isa = PBXBuildFile; fileRef = 4ECECCFD2029E1CF0023E426 /* Assets.xcassets */; };
		4ECECD012029E1CF0023E426 /* LaunchScreen.storyboard in Resources */ = {isa = PBXBuildFile; fileRef = 4ECECCFF2029E1CF0023E426 /* LaunchScreen.storyboard */; };
		4ECECD0F2029E3200023E426 /* NotificationCenter.framework in Frameworks */ = {isa = PBXBuildFile; fileRef = 4ECECD0E2029E3200023E426 /* NotificationCenter.framework */; };
		4ECECD122029E3200023E426 /* TodayViewController.swift in Sources */ = {isa = PBXBuildFile; fileRef = 4ECECD112029E3200023E426 /* TodayViewController.swift */; };
		4ECECD152029E3200023E426 /* MainInterface.storyboard in Resources */ = {isa = PBXBuildFile; fileRef = 4ECECD132029E3200023E426 /* MainInterface.storyboard */; };
		4ECECD192029E3200023E426 /* BODY PARTNER.appex in Embed App Extensions */ = {isa = PBXBuildFile; fileRef = 4ECECD0C2029E3200023E426 /* BODY PARTNER.appex */; settings = {ATTRIBUTES = (RemoveHeadersOnCopy, ); }; };
		4ECECD1E2029E9D30023E426 /* Assets.xcassets in Resources */ = {isa = PBXBuildFile; fileRef = 4ECECCFD2029E1CF0023E426 /* Assets.xcassets */; };
/* End PBXBuildFile section */

/* Begin PBXContainerItemProxy section */
		4ECECD172029E3200023E426 /* PBXContainerItemProxy */ = {
			isa = PBXContainerItemProxy;
			containerPortal = 4ECECCEB2029E1CF0023E426 /* Project object */;
			proxyType = 1;
			remoteGlobalIDString = 4ECECD0B2029E3200023E426;
			remoteInfo = points;
		};
/* End PBXContainerItemProxy section */

/* Begin PBXCopyFilesBuildPhase section */
		4ECECD1D2029E3200023E426 /* Embed App Extensions */ = {
			isa = PBXCopyFilesBuildPhase;
			buildActionMask = 2147483647;
			dstPath = "";
			dstSubfolderSpec = 13;
			files = (
				4ECECD192029E3200023E426 /* BODY PARTNER.appex in Embed App Extensions */,
			);
			name = "Embed App Extensions";
			runOnlyForDeploymentPostprocessing = 0;
		};
/* End PBXCopyFilesBuildPhase section */

/* Begin PBXFileReference section */
		4E0B4A9D202C899D00C0B26B /* BodyPartner.entitlements */ = {isa = PBXFileReference; lastKnownFileType = text.plist.entitlements; path = BodyPartner.entitlements; sourceTree = "<group>"; };
		4E0B4A9E202C89A400C0B26B /* BODY PARTNER.entitlements */ = {isa = PBXFileReference; lastKnownFileType = text.plist.entitlements; path = "BODY PARTNER.entitlements"; sourceTree = "<group>"; };
		4ECECCF32029E1CF0023E426 /* BodyPartner.app */ = {isa = PBXFileReference; explicitFileType = wrapper.application; includeInIndex = 0; path = BodyPartner.app; sourceTree = BUILT_PRODUCTS_DIR; };
		4ECECCF62029E1CF0023E426 /* AppDelegate.swift */ = {isa = PBXFileReference; lastKnownFileType = sourcecode.swift; path = AppDelegate.swift; sourceTree = "<group>"; };
		4ECECCF82029E1CF0023E426 /* ViewController.swift */ = {isa = PBXFileReference; lastKnownFileType = sourcecode.swift; path = ViewController.swift; sourceTree = "<group>"; };
		4ECECCFB2029E1CF0023E426 /* Base */ = {isa = PBXFileReference; lastKnownFileType = file.storyboard; name = Base; path = Base.lproj/Main.storyboard; sourceTree = "<group>"; };
		4ECECCFD2029E1CF0023E426 /* Assets.xcassets */ = {isa = PBXFileReference; lastKnownFileType = folder.assetcatalog; path = Assets.xcassets; sourceTree = "<group>"; };
		4ECECD002029E1CF0023E426 /* Base */ = {isa = PBXFileReference; lastKnownFileType = file.storyboard; name = Base; path = Base.lproj/LaunchScreen.storyboard; sourceTree = "<group>"; };
		4ECECD022029E1CF0023E426 /* Info.plist */ = {isa = PBXFileReference; lastKnownFileType = text.plist.xml; path = Info.plist; sourceTree = "<group>"; };
		4ECECD0C2029E3200023E426 /* BODY PARTNER.appex */ = {isa = PBXFileReference; explicitFileType = "wrapper.app-extension"; includeInIndex = 0; path = "BODY PARTNER.appex"; sourceTree = BUILT_PRODUCTS_DIR; };
		4ECECD0E2029E3200023E426 /* NotificationCenter.framework */ = {isa = PBXFileReference; lastKnownFileType = wrapper.framework; name = NotificationCenter.framework; path = System/Library/Frameworks/NotificationCenter.framework; sourceTree = SDKROOT; };
		4ECECD112029E3200023E426 /* TodayViewController.swift */ = {isa = PBXFileReference; lastKnownFileType = sourcecode.swift; path = TodayViewController.swift; sourceTree = "<group>"; };
		4ECECD142029E3200023E426 /* Base */ = {isa = PBXFileReference; lastKnownFileType = file.storyboard; name = Base; path = Base.lproj/MainInterface.storyboard; sourceTree = "<group>"; };
		4ECECD162029E3200023E426 /* Info.plist */ = {isa = PBXFileReference; lastKnownFileType = text.plist.xml; path = Info.plist; sourceTree = "<group>"; };
/* End PBXFileReference section */

/* Begin PBXFrameworksBuildPhase section */
		4ECECCF02029E1CF0023E426 /* Frameworks */ = {
			isa = PBXFrameworksBuildPhase;
			buildActionMask = 2147483647;
			files = (
			);
			runOnlyForDeploymentPostprocessing = 0;
		};
		4ECECD092029E3200023E426 /* Frameworks */ = {
			isa = PBXFrameworksBuildPhase;
			buildActionMask = 2147483647;
			files = (
				4ECECD0F2029E3200023E426 /* NotificationCenter.framework in Frameworks */,
			);
			runOnlyForDeploymentPostprocessing = 0;
		};
/* End PBXFrameworksBuildPhase section */

/* Begin PBXGroup section */
		4ECECCEA2029E1CF0023E426 = {
			isa = PBXGroup;
			children = (
				4E0B4A9E202C89A400C0B26B /* BODY PARTNER.entitlements */,
				4ECECCF52029E1CF0023E426 /* BodyPartner */,
				4ECECD102029E3200023E426 /* points */,
				4ECECD0D2029E3200023E426 /* Frameworks */,
				4ECECCF42029E1CF0023E426 /* Products */,
			);
			sourceTree = "<group>";
		};
		4ECECCF42029E1CF0023E426 /* Products */ = {
			isa = PBXGroup;
			children = (
				4ECECCF32029E1CF0023E426 /* BodyPartner.app */,
				4ECECD0C2029E3200023E426 /* BODY PARTNER.appex */,
			);
			name = Products;
			sourceTree = "<group>";
		};
		4ECECCF52029E1CF0023E426 /* BodyPartner */ = {
			isa = PBXGroup;
			children = (
				4E0B4A9D202C899D00C0B26B /* BodyPartner.entitlements */,
				4ECECCF62029E1CF0023E426 /* AppDelegate.swift */,
				4ECECCF82029E1CF0023E426 /* ViewController.swift */,
				4ECECCFA2029E1CF0023E426 /* Main.storyboard */,
				4ECECCFD2029E1CF0023E426 /* Assets.xcassets */,
				4ECECCFF2029E1CF0023E426 /* LaunchScreen.storyboard */,
				4ECECD022029E1CF0023E426 /* Info.plist */,
			);
			path = BodyPartner;
			sourceTree = "<group>";
		};
		4ECECD0D2029E3200023E426 /* Frameworks */ = {
			isa = PBXGroup;
			children = (
				4ECECD0E2029E3200023E426 /* NotificationCenter.framework */,
			);
			name = Frameworks;
			sourceTree = "<group>";
		};
		4ECECD102029E3200023E426 /* points */ = {
			isa = PBXGroup;
			children = (
				4ECECD112029E3200023E426 /* TodayViewController.swift */,
				4ECECD132029E3200023E426 /* MainInterface.storyboard */,
				4ECECD162029E3200023E426 /* Info.plist */,
			);
			path = points;
			sourceTree = "<group>";
		};
/* End PBXGroup section */

/* Begin PBXNativeTarget section */
		4ECECCF22029E1CF0023E426 /* BodyPartner */ = {
			isa = PBXNativeTarget;
			buildConfigurationList = 4ECECD052029E1CF0023E426 /* Build configuration list for PBXNativeTarget "BodyPartner" */;
			buildPhases = (
				4ECECCEF2029E1CF0023E426 /* Sources */,
				4ECECCF02029E1CF0023E426 /* Frameworks */,
				4ECECCF12029E1CF0023E426 /* Resources */,
				4ECECD1D2029E3200023E426 /* Embed App Extensions */,
			);
			buildRules = (
			);
			dependencies = (
				4ECECD182029E3200023E426 /* PBXTargetDependency */,
			);
			name = BodyPartner;
			productName = BodyPartner;
			productReference = 4ECECCF32029E1CF0023E426 /* BodyPartner.app */;
			productType = "com.apple.product-type.application";
		};
		4ECECD0B2029E3200023E426 /* BODY PARTNER */ = {
			isa = PBXNativeTarget;
			buildConfigurationList = 4ECECD1A2029E3200023E426 /* Build configuration list for PBXNativeTarget "BODY PARTNER" */;
			buildPhases = (
				4ECECD082029E3200023E426 /* Sources */,
				4ECECD092029E3200023E426 /* Frameworks */,
				4ECECD0A2029E3200023E426 /* Resources */,
			);
			buildRules = (
			);
			dependencies = (
			);
			name = "BODY PARTNER";
			productName = points;
			productReference = 4ECECD0C2029E3200023E426 /* BODY PARTNER.appex */;
			productType = "com.apple.product-type.app-extension";
		};
/* End PBXNativeTarget section */

/* Begin PBXProject section */
		4ECECCEB2029E1CF0023E426 /* Project object */ = {
			isa = PBXProject;
			attributes = {
				LastSwiftUpdateCheck = 0920;
				LastUpgradeCheck = 0920;
				ORGANIZATIONNAME = "Mathieu Harribey";
				TargetAttributes = {
					4ECECCF22029E1CF0023E426 = {
						CreatedOnToolsVersion = 9.2;
						ProvisioningStyle = Automatic;
						SystemCapabilities = {
							com.apple.ApplicationGroups.iOS = {
								enabled = 1;
							};
						};
					};
					4ECECD0B2029E3200023E426 = {
						CreatedOnToolsVersion = 9.2;
						ProvisioningStyle = Automatic;
						SystemCapabilities = {
							com.apple.ApplicationGroups.iOS = {
								enabled = 1;
							};
						};
					};
				};
			};
			buildConfigurationList = 4ECECCEE2029E1CF0023E426 /* Build configuration list for PBXProject "BodyPartner" */;
			compatibilityVersion = "Xcode 8.0";
			developmentRegion = en;
			hasScannedForEncodings = 0;
			knownRegions = (
				en,
				Base,
			);
			mainGroup = 4ECECCEA2029E1CF0023E426;
			productRefGroup = 4ECECCF42029E1CF0023E426 /* Products */;
			projectDirPath = "";
			projectRoot = "";
			targets = (
				4ECECCF22029E1CF0023E426 /* BodyPartner */,
				4ECECD0B2029E3200023E426 /* BODY PARTNER */,
			);
		};
/* End PBXProject section */

/* Begin PBXResourcesBuildPhase section */
		4ECECCF12029E1CF0023E426 /* Resources */ = {
			isa = PBXResourcesBuildPhase;
			buildActionMask = 2147483647;
			files = (
				4ECECD012029E1CF0023E426 /* LaunchScreen.storyboard in Resources */,
				4ECECCFE2029E1CF0023E426 /* Assets.xcassets in Resources */,
				4ECECCFC2029E1CF0023E426 /* Main.storyboard in Resources */,
			);
			runOnlyForDeploymentPostprocessing = 0;
		};
		4ECECD0A2029E3200023E426 /* Resources */ = {
			isa = PBXResourcesBuildPhase;
			buildActionMask = 2147483647;
			files = (
				4ECECD1E2029E9D30023E426 /* Assets.xcassets in Resources */,
				4ECECD152029E3200023E426 /* MainInterface.storyboard in Resources */,
			);
			runOnlyForDeploymentPostprocessing = 0;
		};
/* End PBXResourcesBuildPhase section */

/* Begin PBXSourcesBuildPhase section */
		4ECECCEF2029E1CF0023E426 /* Sources */ = {
			isa = PBXSourcesBuildPhase;
			buildActionMask = 2147483647;
			files = (
				4ECECCF92029E1CF0023E426 /* ViewController.swift in Sources */,
				4ECECCF72029E1CF0023E426 /* AppDelegate.swift in Sources */,
			);
			runOnlyForDeploymentPostprocessing = 0;
		};
		4ECECD082029E3200023E426 /* Sources */ = {
			isa = PBXSourcesBuildPhase;
			buildActionMask = 2147483647;
			files = (
				4ECECD122029E3200023E426 /* TodayViewController.swift in Sources */,
			);
			runOnlyForDeploymentPostprocessing = 0;
		};
/* End PBXSourcesBuildPhase section */

/* Begin PBXTargetDependency section */
		4ECECD182029E3200023E426 /* PBXTargetDependency */ = {
			isa = PBXTargetDependency;
			target = 4ECECD0B2029E3200023E426 /* BODY PARTNER */;
			targetProxy = 4ECECD172029E3200023E426 /* PBXContainerItemProxy */;
		};
/* End PBXTargetDependency section */

/* Begin PBXVariantGroup section */
		4ECECCFA2029E1CF0023E426 /* Main.storyboard */ = {
			isa = PBXVariantGroup;
			children = (
				4ECECCFB2029E1CF0023E426 /* Base */,
			);
			name = Main.storyboard;
			sourceTree = "<group>";
		};
		4ECECCFF2029E1CF0023E426 /* LaunchScreen.storyboard */ = {
			isa = PBXVariantGroup;
			children = (
				4ECECD002029E1CF0023E426 /* Base */,
			);
			name = LaunchScreen.storyboard;
			sourceTree = "<group>";
		};
		4ECECD132029E3200023E426 /* MainInterface.storyboard */ = {
			isa = PBXVariantGroup;
			children = (
				4ECECD142029E3200023E426 /* Base */,
			);
			name = MainInterface.storyboard;
			sourceTree = "<group>";
		};
/* End PBXVariantGroup section */

/* Begin XCBuildConfiguration section */
		4ECECD032029E1CF0023E426 /* Debug */ = {
			isa = XCBuildConfiguration;
			buildSettings = {
				ALWAYS_SEARCH_USER_PATHS = NO;
				CLANG_ANALYZER_NONNULL = YES;
				CLANG_ANALYZER_NUMBER_OBJECT_CONVERSION = YES_AGGRESSIVE;
				CLANG_CXX_LANGUAGE_STANDARD = "gnu++14";
				CLANG_CXX_LIBRARY = "libc++";
				CLANG_ENABLE_MODULES = YES;
				CLANG_ENABLE_OBJC_ARC = YES;
				CLANG_WARN_BLOCK_CAPTURE_AUTORELEASING = YES;
				CLANG_WARN_BOOL_CONVERSION = YES;
				CLANG_WARN_COMMA = YES;
				CLANG_WARN_CONSTANT_CONVERSION = YES;
				CLANG_WARN_DIRECT_OBJC_ISA_USAGE = YES_ERROR;
				CLANG_WARN_DOCUMENTATION_COMMENTS = YES;
				CLANG_WARN_EMPTY_BODY = YES;
				CLANG_WARN_ENUM_CONVERSION = YES;
				CLANG_WARN_INFINITE_RECURSION = YES;
				CLANG_WARN_INT_CONVERSION = YES;
				CLANG_WARN_NON_LITERAL_NULL_CONVERSION = YES;
				CLANG_WARN_OBJC_LITERAL_CONVERSION = YES;
				CLANG_WARN_OBJC_ROOT_CLASS = YES_ERROR;
				CLANG_WARN_RANGE_LOOP_ANALYSIS = YES;
				CLANG_WARN_STRICT_PROTOTYPES = YES;
				CLANG_WARN_SUSPICIOUS_MOVE = YES;
				CLANG_WARN_UNGUARDED_AVAILABILITY = YES_AGGRESSIVE;
				CLANG_WARN_UNREACHABLE_CODE = YES;
				CLANG_WARN__DUPLICATE_METHOD_MATCH = YES;
				CODE_SIGN_IDENTITY = "iPhone Developer";
				COPY_PHASE_STRIP = NO;
				DEBUG_INFORMATION_FORMAT = dwarf;
				ENABLE_STRICT_OBJC_MSGSEND = YES;
				ENABLE_TESTABILITY = YES;
				GCC_C_LANGUAGE_STANDARD = gnu11;
				GCC_DYNAMIC_NO_PIC = NO;
				GCC_NO_COMMON_BLOCKS = YES;
				GCC_OPTIMIZATION_LEVEL = 0;
				GCC_PREPROCESSOR_DEFINITIONS = (
					"DEBUG=1",
					"$(inherited)",
				);
				GCC_WARN_64_TO_32_BIT_CONVERSION = YES;
				GCC_WARN_ABOUT_RETURN_TYPE = YES_ERROR;
				GCC_WARN_UNDECLARED_SELECTOR = YES;
				GCC_WARN_UNINITIALIZED_AUTOS = YES_AGGRESSIVE;
				GCC_WARN_UNUSED_FUNCTION = YES;
				GCC_WARN_UNUSED_VARIABLE = YES;
				MTL_ENABLE_DEBUG_INFO = YES;
				ONLY_ACTIVE_ARCH = YES;
				SDKROOT = iphoneos;
				SWIFT_ACTIVE_COMPILATION_CONDITIONS = DEBUG;
				SWIFT_OPTIMIZATION_LEVEL = "-Onone";
			};
			name = Debug;
		};
		4ECECD042029E1CF0023E426 /* Release */ = {
			isa = XCBuildConfiguration;
			buildSettings = {
				ALWAYS_SEARCH_USER_PATHS = NO;
				CLANG_ANALYZER_NONNULL = YES;
				CLANG_ANALYZER_NUMBER_OBJECT_CONVERSION = YES_AGGRESSIVE;
				CLANG_CXX_LANGUAGE_STANDARD = "gnu++14";
				CLANG_CXX_LIBRARY = "libc++";
				CLANG_ENABLE_MODULES = YES;
				CLANG_ENABLE_OBJC_ARC = YES;
				CLANG_WARN_BLOCK_CAPTURE_AUTORELEASING = YES;
				CLANG_WARN_BOOL_CONVERSION = YES;
				CLANG_WARN_COMMA = YES;
				CLANG_WARN_CONSTANT_CONVERSION = YES;
				CLANG_WARN_DIRECT_OBJC_ISA_USAGE = YES_ERROR;
				CLANG_WARN_DOCUMENTATION_COMMENTS = YES;
				CLANG_WARN_EMPTY_BODY = YES;
				CLANG_WARN_ENUM_CONVERSION = YES;
				CLANG_WARN_INFINITE_RECURSION = YES;
				CLANG_WARN_INT_CONVERSION = YES;
				CLANG_WARN_NON_LITERAL_NULL_CONVERSION = YES;
				CLANG_WARN_OBJC_LITERAL_CONVERSION = YES;
				CLANG_WARN_OBJC_ROOT_CLASS = YES_ERROR;
				CLANG_WARN_RANGE_LOOP_ANALYSIS = YES;
				CLANG_WARN_STRICT_PROTOTYPES = YES;
				CLANG_WARN_SUSPICIOUS_MOVE = YES;
				CLANG_WARN_UNGUARDED_AVAILABILITY = YES_AGGRESSIVE;
				CLANG_WARN_UNREACHABLE_CODE = YES;
				CLANG_WARN__DUPLICATE_METHOD_MATCH = YES;
				CODE_SIGN_IDENTITY = "iPhone Developer";
				COPY_PHASE_STRIP = NO;
				DEBUG_INFORMATION_FORMAT = "dwarf-with-dsym";
				ENABLE_NS_ASSERTIONS = NO;
				ENABLE_STRICT_OBJC_MSGSEND = YES;
				GCC_C_LANGUAGE_STANDARD = gnu11;
				GCC_NO_COMMON_BLOCKS = YES;
				GCC_WARN_64_TO_32_BIT_CONVERSION = YES;
				GCC_WARN_ABOUT_RETURN_TYPE = YES_ERROR;
				GCC_WARN_UNDECLARED_SELECTOR = YES;
				GCC_WARN_UNINITIALIZED_AUTOS = YES_AGGRESSIVE;
				GCC_WARN_UNUSED_FUNCTION = YES;
				GCC_WARN_UNUSED_VARIABLE = YES;
				MTL_ENABLE_DEBUG_INFO = NO;
				SDKROOT = iphoneos;
				SWIFT_OPTIMIZATION_LEVEL = "-Owholemodule";
				VALIDATE_PRODUCT = YES;
			};
			name = Release;
		};
		4ECECD062029E1CF0023E426 /* Debug */ = {
			isa = XCBuildConfiguration;
			buildSettings = {
				ALWAYS_EMBED_SWIFT_STANDARD_LIBRARIES = YES;
				ASSETCATALOG_COMPILER_APPICON_NAME = AppIcon;
				CODE_SIGN_ENTITLEMENTS = BodyPartner/BodyPartner.entitlements;
				CODE_SIGN_STYLE = Automatic;
				DEVELOPMENT_TEAM = Y3SM94AVSQ;
				INFOPLIST_FILE = BodyPartner/Info.plist;
				LD_RUNPATH_SEARCH_PATHS = "$(inherited) @executable_path/Frameworks";
				PRODUCT_BUNDLE_IDENTIFIER = com.omt.BodyPartner;
				PRODUCT_NAME = "$(TARGET_NAME)";
				SWIFT_VERSION = 4.0;
				TARGETED_DEVICE_FAMILY = "1,2";
			};
			name = Debug;
		};
		4ECECD072029E1CF0023E426 /* Release */ = {
			isa = XCBuildConfiguration;
			buildSettings = {
				ALWAYS_EMBED_SWIFT_STANDARD_LIBRARIES = YES;
				ASSETCATALOG_COMPILER_APPICON_NAME = AppIcon;
				CODE_SIGN_ENTITLEMENTS = BodyPartner/BodyPartner.entitlements;
				CODE_SIGN_STYLE = Automatic;
				DEVELOPMENT_TEAM = Y3SM94AVSQ;
				INFOPLIST_FILE = BodyPartner/Info.plist;
				LD_RUNPATH_SEARCH_PATHS = "$(inherited) @executable_path/Frameworks";
				PRODUCT_BUNDLE_IDENTIFIER = com.omt.BodyPartner;
				PRODUCT_NAME = "$(TARGET_NAME)";
				SWIFT_VERSION = 4.0;
				TARGETED_DEVICE_FAMILY = "1,2";
			};
			name = Release;
		};
		4ECECD1B2029E3200023E426 /* Debug */ = {
			isa = XCBuildConfiguration;
			buildSettings = {
				CODE_SIGN_ENTITLEMENTS = "BODY PARTNER.entitlements";
				CODE_SIGN_STYLE = Automatic;
				DEVELOPMENT_TEAM = Y3SM94AVSQ;
				INFOPLIST_FILE = points/Info.plist;
				LD_RUNPATH_SEARCH_PATHS = "$(inherited) @executable_path/Frameworks @executable_path/../../Frameworks";
				PRODUCT_BUNDLE_IDENTIFIER = com.omt.BodyPartner.points;
				PRODUCT_NAME = "$(TARGET_NAME)";
				SKIP_INSTALL = YES;
				SWIFT_VERSION = 4.0;
				TARGETED_DEVICE_FAMILY = "1,2";
			};
			name = Debug;
		};
		4ECECD1C2029E3200023E426 /* Release */ = {
			isa = XCBuildConfiguration;
			buildSettings = {
				CODE_SIGN_ENTITLEMENTS = "BODY PARTNER.entitlements";
				CODE_SIGN_STYLE = Automatic;
				DEVELOPMENT_TEAM = Y3SM94AVSQ;
				INFOPLIST_FILE = points/Info.plist;
				LD_RUNPATH_SEARCH_PATHS = "$(inherited) @executable_path/Frameworks @executable_path/../../Frameworks";
				PRODUCT_BUNDLE_IDENTIFIER = com.omt.BodyPartner.points;
				PRODUCT_NAME = "$(TARGET_NAME)";
				SKIP_INSTALL = YES;
				SWIFT_VERSION = 4.0;
				TARGETED_DEVICE_FAMILY = "1,2";
			};
			name = Release;
		};
/* End XCBuildConfiguration section */

/* Begin XCConfigurationList section */
		4ECECCEE2029E1CF0023E426 /* Build configuration list for PBXProject "BodyPartner" */ = {
			isa = XCConfigurationList;
			buildConfigurations = (
				4ECECD032029E1CF0023E426 /* Debug */,
				4ECECD042029E1CF0023E426 /* Release */,
			);
			defaultConfigurationIsVisible = 0;
			defaultConfigurationName = Release;
		};
		4ECECD052029E1CF0023E426 /* Build configuration list for PBXNativeTarget "BodyPartner" */ = {
			isa = XCConfigurationList;
			buildConfigurations = (
				4ECECD062029E1CF0023E426 /* Debug */,
				4ECECD072029E1CF0023E426 /* Release */,
			);
			defaultConfigurationIsVisible = 0;
			defaultConfigurationName = Release;
		};
		4ECECD1A2029E3200023E426 /* Build configuration list for PBXNativeTarget "BODY PARTNER" */ = {
			isa = XCConfigurationList;
			buildConfigurations = (
				4ECECD1B2029E3200023E426 /* Debug */,
				4ECECD1C2029E3200023E426 /* Release */,
			);
			defaultConfigurationIsVisible = 0;
			defaultConfigurationName = Release;
		};
/* End XCConfigurationList section */
	};
	rootObject = 4ECECCEB2029E1CF0023E426 /* Project object */;
}
